// !$*UTF8*$!
{
	archiveVersion = 1;
	classes = {
	};
	objectVersion = 52;
	objects = {

/* Begin PBXBuildFile section */
		F91ED6BB267C681C0021FDF9 /* VideoViewRepresentable.swift in Sources */ = {isa = PBXBuildFile; fileRef = F91ED6BA267C681C0021FDF9 /* VideoViewRepresentable.swift */; };
		F91ED6BD267C87C60021FDF9 /* ContainerView.swift in Sources */ = {isa = PBXBuildFile; fileRef = F91ED6BC267C87C50021FDF9 /* ContainerView.swift */; };
		F91ED6C2267CB9960021FDF9 /* Keyboard.swift in Sources */ = {isa = PBXBuildFile; fileRef = F91ED6BF267CB9950021FDF9 /* Keyboard.swift */; };
		F91ED6C3267CB9960021FDF9 /* WebSocketTypes.swift in Sources */ = {isa = PBXBuildFile; fileRef = F91ED6C0267CB9960021FDF9 /* WebSocketTypes.swift */; };
		F91ED6C4267CB9960021FDF9 /* WebSocketController.swift in Sources */ = {isa = PBXBuildFile; fileRef = F91ED6C1267CB9960021FDF9 /* WebSocketController.swift */; };
		F91ED6C6267CBA090021FDF9 /* SocketView.swift in Sources */ = {isa = PBXBuildFile; fileRef = F91ED6C5267CBA090021FDF9 /* SocketView.swift */; };
		F93E2B3B2679EBBF0089EFDA /* AppDelegate.swift in Sources */ = {isa = PBXBuildFile; fileRef = F93E2B3A2679EBBF0089EFDA /* AppDelegate.swift */; };
		F93E2B3D2679EBBF0089EFDA /* SceneDelegate.swift in Sources */ = {isa = PBXBuildFile; fileRef = F93E2B3C2679EBBF0089EFDA /* SceneDelegate.swift */; };
		F93E2B3F2679EBBF0089EFDA /* ContentView.swift in Sources */ = {isa = PBXBuildFile; fileRef = F93E2B3E2679EBBF0089EFDA /* ContentView.swift */; };
		F93E2B412679EBC40089EFDA /* Assets.xcassets in Resources */ = {isa = PBXBuildFile; fileRef = F93E2B402679EBC40089EFDA /* Assets.xcassets */; };
		F93E2B442679EBC40089EFDA /* Preview Assets.xcassets in Resources */ = {isa = PBXBuildFile; fileRef = F93E2B432679EBC40089EFDA /* Preview Assets.xcassets */; };
		F93E2B472679EBC40089EFDA /* LaunchScreen.storyboard in Resources */ = {isa = PBXBuildFile; fileRef = F93E2B452679EBC40089EFDA /* LaunchScreen.storyboard */; };
		F93E2B522679EE550089EFDA /* WebRTCClient.swift in Sources */ = {isa = PBXBuildFile; fileRef = F93E2B4F2679EE550089EFDA /* WebRTCClient.swift */; };
		F93E2B532679EE550089EFDA /* SignalingClient.swift in Sources */ = {isa = PBXBuildFile; fileRef = F93E2B502679EE550089EFDA /* SignalingClient.swift */; };
		F93E2B542679EE550089EFDA /* Message.swift in Sources */ = {isa = PBXBuildFile; fileRef = F93E2B512679EE550089EFDA /* Message.swift */; };
		F93E2B572679F4A90089EFDA /* Starscream in Frameworks */ = {isa = PBXBuildFile; productRef = F93E2B562679F4A90089EFDA /* Starscream */; };
		F93E2B5A2679F7EB0089EFDA /* WebRTC in Frameworks */ = {isa = PBXBuildFile; productRef = F93E2B592679F7EB0089EFDA /* WebRTC */; };
		F93E2B5F2679FAD40089EFDA /* WebSocketProvider.swift in Sources */ = {isa = PBXBuildFile; fileRef = F93E2B5C2679FAD30089EFDA /* WebSocketProvider.swift */; };
		F93E2B602679FAD40089EFDA /* NativeWebSocket.swift in Sources */ = {isa = PBXBuildFile; fileRef = F93E2B5D2679FAD30089EFDA /* NativeWebSocket.swift */; };
		F93E2B612679FAD40089EFDA /* StarscreamProvider.swift in Sources */ = {isa = PBXBuildFile; fileRef = F93E2B5E2679FAD40089EFDA /* StarscreamProvider.swift */; };
		F93E2B662679FBD90089EFDA /* IceCandidate.swift in Sources */ = {isa = PBXBuildFile; fileRef = F93E2B632679FBD90089EFDA /* IceCandidate.swift */; };
		F93E2B672679FBD90089EFDA /* RTCStates.swift in Sources */ = {isa = PBXBuildFile; fileRef = F93E2B642679FBD90089EFDA /* RTCStates.swift */; };
		F93E2B682679FBD90089EFDA /* SessionDescription.swift in Sources */ = {isa = PBXBuildFile; fileRef = F93E2B652679FBD90089EFDA /* SessionDescription.swift */; };
		F93E2B6B2679FE290089EFDA /* VideoViewController.swift in Sources */ = {isa = PBXBuildFile; fileRef = F93E2B692679FE290089EFDA /* VideoViewController.swift */; };
		F93E2B6C2679FE290089EFDA /* MainViewController.swift in Sources */ = {isa = PBXBuildFile; fileRef = F93E2B6A2679FE290089EFDA /* MainViewController.swift */; };
		F93E2B70267A1B5A0089EFDA /* MainViewRepresentable.swift in Sources */ = {isa = PBXBuildFile; fileRef = F93E2B6F267A1B5A0089EFDA /* MainViewRepresentable.swift */; };
		F93E2B72267A7E070089EFDA /* MainViewController.xib in Resources */ = {isa = PBXBuildFile; fileRef = F93E2B71267A7E070089EFDA /* MainViewController.xib */; };
		F93E2B74267A87880089EFDA /* Config.swift in Sources */ = {isa = PBXBuildFile; fileRef = F93E2B73267A87880089EFDA /* Config.swift */; };
		F9E8C4AC267B618500D286CA /* VideoViewController.xib in Resources */ = {isa = PBXBuildFile; fileRef = F9E8C4AB267B618500D286CA /* VideoViewController.xib */; };
/* End PBXBuildFile section */

/* Begin PBXFileReference section */
		F91ED6BA267C681C0021FDF9 /* VideoViewRepresentable.swift */ = {isa = PBXFileReference; lastKnownFileType = sourcecode.swift; path = VideoViewRepresentable.swift; sourceTree = "<group>"; };
		F91ED6BC267C87C50021FDF9 /* ContainerView.swift */ = {isa = PBXFileReference; lastKnownFileType = sourcecode.swift; path = ContainerView.swift; sourceTree = "<group>"; };
		F91ED6BF267CB9950021FDF9 /* Keyboard.swift */ = {isa = PBXFileReference; fileEncoding = 4; lastKnownFileType = sourcecode.swift; path = Keyboard.swift; sourceTree = "<group>"; };
		F91ED6C0267CB9960021FDF9 /* WebSocketTypes.swift */ = {isa = PBXFileReference; fileEncoding = 4; lastKnownFileType = sourcecode.swift; path = WebSocketTypes.swift; sourceTree = "<group>"; };
		F91ED6C1267CB9960021FDF9 /* WebSocketController.swift */ = {isa = PBXFileReference; fileEncoding = 4; lastKnownFileType = sourcecode.swift; path = WebSocketController.swift; sourceTree = "<group>"; };
		F91ED6C5267CBA090021FDF9 /* SocketView.swift */ = {isa = PBXFileReference; fileEncoding = 4; lastKnownFileType = sourcecode.swift; path = SocketView.swift; sourceTree = "<group>"; };
		F93E2B372679EBBF0089EFDA /* WebRTC-SwiftUI.app */ = {isa = PBXFileReference; explicitFileType = wrapper.application; includeInIndex = 0; path = "WebRTC-SwiftUI.app"; sourceTree = BUILT_PRODUCTS_DIR; };
		F93E2B3A2679EBBF0089EFDA /* AppDelegate.swift */ = {isa = PBXFileReference; lastKnownFileType = sourcecode.swift; path = AppDelegate.swift; sourceTree = "<group>"; };
		F93E2B3C2679EBBF0089EFDA /* SceneDelegate.swift */ = {isa = PBXFileReference; lastKnownFileType = sourcecode.swift; path = SceneDelegate.swift; sourceTree = "<group>"; };
		F93E2B3E2679EBBF0089EFDA /* ContentView.swift */ = {isa = PBXFileReference; lastKnownFileType = sourcecode.swift; path = ContentView.swift; sourceTree = "<group>"; };
		F93E2B402679EBC40089EFDA /* Assets.xcassets */ = {isa = PBXFileReference; lastKnownFileType = folder.assetcatalog; path = Assets.xcassets; sourceTree = "<group>"; };
		F93E2B432679EBC40089EFDA /* Preview Assets.xcassets */ = {isa = PBXFileReference; lastKnownFileType = folder.assetcatalog; path = "Preview Assets.xcassets"; sourceTree = "<group>"; };
		F93E2B462679EBC40089EFDA /* Base */ = {isa = PBXFileReference; lastKnownFileType = file.storyboard; name = Base; path = Base.lproj/LaunchScreen.storyboard; sourceTree = "<group>"; };
		F93E2B482679EBC40089EFDA /* Info.plist */ = {isa = PBXFileReference; lastKnownFileType = text.plist.xml; path = Info.plist; sourceTree = "<group>"; };
		F93E2B4F2679EE550089EFDA /* WebRTCClient.swift */ = {isa = PBXFileReference; fileEncoding = 4; lastKnownFileType = sourcecode.swift; path = WebRTCClient.swift; sourceTree = "<group>"; };
		F93E2B502679EE550089EFDA /* SignalingClient.swift */ = {isa = PBXFileReference; fileEncoding = 4; lastKnownFileType = sourcecode.swift; path = SignalingClient.swift; sourceTree = "<group>"; };
		F93E2B512679EE550089EFDA /* Message.swift */ = {isa = PBXFileReference; fileEncoding = 4; lastKnownFileType = sourcecode.swift; path = Message.swift; sourceTree = "<group>"; };
		F93E2B5C2679FAD30089EFDA /* WebSocketProvider.swift */ = {isa = PBXFileReference; fileEncoding = 4; lastKnownFileType = sourcecode.swift; path = WebSocketProvider.swift; sourceTree = "<group>"; };
		F93E2B5D2679FAD30089EFDA /* NativeWebSocket.swift */ = {isa = PBXFileReference; fileEncoding = 4; lastKnownFileType = sourcecode.swift; path = NativeWebSocket.swift; sourceTree = "<group>"; };
		F93E2B5E2679FAD40089EFDA /* StarscreamProvider.swift */ = {isa = PBXFileReference; fileEncoding = 4; lastKnownFileType = sourcecode.swift; path = StarscreamProvider.swift; sourceTree = "<group>"; };
		F93E2B632679FBD90089EFDA /* IceCandidate.swift */ = {isa = PBXFileReference; fileEncoding = 4; lastKnownFileType = sourcecode.swift; path = IceCandidate.swift; sourceTree = "<group>"; };
		F93E2B642679FBD90089EFDA /* RTCStates.swift */ = {isa = PBXFileReference; fileEncoding = 4; lastKnownFileType = sourcecode.swift; path = RTCStates.swift; sourceTree = "<group>"; };
		F93E2B652679FBD90089EFDA /* SessionDescription.swift */ = {isa = PBXFileReference; fileEncoding = 4; lastKnownFileType = sourcecode.swift; path = SessionDescription.swift; sourceTree = "<group>"; };
		F93E2B692679FE290089EFDA /* VideoViewController.swift */ = {isa = PBXFileReference; fileEncoding = 4; lastKnownFileType = sourcecode.swift; path = VideoViewController.swift; sourceTree = "<group>"; };
		F93E2B6A2679FE290089EFDA /* MainViewController.swift */ = {isa = PBXFileReference; fileEncoding = 4; lastKnownFileType = sourcecode.swift; path = MainViewController.swift; sourceTree = "<group>"; };
		F93E2B6F267A1B5A0089EFDA /* MainViewRepresentable.swift */ = {isa = PBXFileReference; lastKnownFileType = sourcecode.swift; path = MainViewRepresentable.swift; sourceTree = "<group>"; };
		F93E2B71267A7E070089EFDA /* MainViewController.xib */ = {isa = PBXFileReference; fileEncoding = 4; lastKnownFileType = file.xib; path = MainViewController.xib; sourceTree = "<group>"; };
		F93E2B73267A87880089EFDA /* Config.swift */ = {isa = PBXFileReference; fileEncoding = 4; lastKnownFileType = sourcecode.swift; path = Config.swift; sourceTree = "<group>"; };
		F9E8C4AB267B618500D286CA /* VideoViewController.xib */ = {isa = PBXFileReference; fileEncoding = 4; lastKnownFileType = file.xib; path = VideoViewController.xib; sourceTree = "<group>"; };
/* End PBXFileReference section */

/* Begin PBXFrameworksBuildPhase section */
		F93E2B342679EBBF0089EFDA /* Frameworks */ = {
			isa = PBXFrameworksBuildPhase;
			buildActionMask = 2147483647;
			files = (
				F93E2B572679F4A90089EFDA /* Starscream in Frameworks */,
				F93E2B5A2679F7EB0089EFDA /* WebRTC in Frameworks */,
			);
			runOnlyForDeploymentPostprocessing = 0;
		};
/* End PBXFrameworksBuildPhase section */

/* Begin PBXGroup section */
		F91ED6BE267CB93A0021FDF9 /* Socket */ = {
			isa = PBXGroup;
			children = (
				F91ED6BF267CB9950021FDF9 /* Keyboard.swift */,
				F91ED6C1267CB9960021FDF9 /* WebSocketController.swift */,
				F91ED6C0267CB9960021FDF9 /* WebSocketTypes.swift */,
			);
			path = Socket;
			sourceTree = "<group>";
		};
		F91ED6C7267CBC3D0021FDF9 /* Views */ = {
			isa = PBXGroup;
			children = (
				F93E2B3E2679EBBF0089EFDA /* ContentView.swift */,
				F91ED6BC267C87C50021FDF9 /* ContainerView.swift */,
				F91ED6C5267CBA090021FDF9 /* SocketView.swift */,
			);
			path = Views;
			sourceTree = "<group>";
		};
		F93E2B2E2679EBBF0089EFDA = {
			isa = PBXGroup;
			children = (
				F93E2B392679EBBF0089EFDA /* WebRTC-SwiftUI */,
				F93E2B382679EBBF0089EFDA /* Products */,
			);
			sourceTree = "<group>";
		};
		F93E2B382679EBBF0089EFDA /* Products */ = {
			isa = PBXGroup;
			children = (
				F93E2B372679EBBF0089EFDA /* WebRTC-SwiftUI.app */,
			);
			name = Products;
			sourceTree = "<group>";
		};
		F93E2B392679EBBF0089EFDA /* WebRTC-SwiftUI */ = {
			isa = PBXGroup;
			children = (
				F91ED6BE267CB93A0021FDF9 /* Socket */,
				F93E2B6D267A0A450089EFDA /* MainScreen */,
				F93E2B6E267A0B660089EFDA /* VideoScreen */,
				F93E2B4E2679EDEE0089EFDA /* Services */,
				F93E2B622679FB790089EFDA /* Extensions */,
				F93E2B73267A87880089EFDA /* Config.swift */,
				F93E2B3A2679EBBF0089EFDA /* AppDelegate.swift */,
				F93E2B3C2679EBBF0089EFDA /* SceneDelegate.swift */,
				F91ED6C7267CBC3D0021FDF9 /* Views */,
				F93E2B402679EBC40089EFDA /* Assets.xcassets */,
				F93E2B452679EBC40089EFDA /* LaunchScreen.storyboard */,
				F93E2B482679EBC40089EFDA /* Info.plist */,
				F93E2B422679EBC40089EFDA /* Preview Content */,
			);
			path = "WebRTC-SwiftUI";
			sourceTree = "<group>";
		};
		F93E2B422679EBC40089EFDA /* Preview Content */ = {
			isa = PBXGroup;
			children = (
				F93E2B432679EBC40089EFDA /* Preview Assets.xcassets */,
			);
			path = "Preview Content";
			sourceTree = "<group>";
		};
		F93E2B4E2679EDEE0089EFDA /* Services */ = {
			isa = PBXGroup;
			children = (
				F93E2B5B2679FAA80089EFDA /* WebSocketProvider */,
				F93E2B512679EE550089EFDA /* Message.swift */,
				F93E2B502679EE550089EFDA /* SignalingClient.swift */,
				F93E2B4F2679EE550089EFDA /* WebRTCClient.swift */,
			);
			path = Services;
			sourceTree = "<group>";
		};
		F93E2B5B2679FAA80089EFDA /* WebSocketProvider */ = {
			isa = PBXGroup;
			children = (
				F93E2B5D2679FAD30089EFDA /* NativeWebSocket.swift */,
				F93E2B5E2679FAD40089EFDA /* StarscreamProvider.swift */,
				F93E2B5C2679FAD30089EFDA /* WebSocketProvider.swift */,
			);
			path = WebSocketProvider;
			sourceTree = "<group>";
		};
		F93E2B622679FB790089EFDA /* Extensions */ = {
			isa = PBXGroup;
			children = (
				F93E2B632679FBD90089EFDA /* IceCandidate.swift */,
				F93E2B642679FBD90089EFDA /* RTCStates.swift */,
				F93E2B652679FBD90089EFDA /* SessionDescription.swift */,
			);
			path = Extensions;
			sourceTree = "<group>";
		};
		F93E2B6D267A0A450089EFDA /* MainScreen */ = {
			isa = PBXGroup;
			children = (
				F93E2B71267A7E070089EFDA /* MainViewController.xib */,
				F93E2B6A2679FE290089EFDA /* MainViewController.swift */,
				F93E2B6F267A1B5A0089EFDA /* MainViewRepresentable.swift */,
			);
			path = MainScreen;
			sourceTree = "<group>";
		};
		F93E2B6E267A0B660089EFDA /* VideoScreen */ = {
			isa = PBXGroup;
			children = (
				F9E8C4AB267B618500D286CA /* VideoViewController.xib */,
				F93E2B692679FE290089EFDA /* VideoViewController.swift */,
				F91ED6BA267C681C0021FDF9 /* VideoViewRepresentable.swift */,
			);
			path = VideoScreen;
			sourceTree = "<group>";
		};
/* End PBXGroup section */

/* Begin PBXNativeTarget section */
		F93E2B362679EBBF0089EFDA /* WebRTC-SwiftUI */ = {
			isa = PBXNativeTarget;
			buildConfigurationList = F93E2B4B2679EBC40089EFDA /* Build configuration list for PBXNativeTarget "WebRTC-SwiftUI" */;
			buildPhases = (
				F93E2B332679EBBF0089EFDA /* Sources */,
				F93E2B342679EBBF0089EFDA /* Frameworks */,
				F93E2B352679EBBF0089EFDA /* Resources */,
			);
			buildRules = (
			);
			dependencies = (
			);
			name = "WebRTC-SwiftUI";
			packageProductDependencies = (
				F93E2B562679F4A90089EFDA /* Starscream */,
				F93E2B592679F7EB0089EFDA /* WebRTC */,
			);
			productName = "WebRTC-SwiftUI";
			productReference = F93E2B372679EBBF0089EFDA /* WebRTC-SwiftUI.app */;
			productType = "com.apple.product-type.application";
		};
/* End PBXNativeTarget section */

/* Begin PBXProject section */
		F93E2B2F2679EBBF0089EFDA /* Project object */ = {
			isa = PBXProject;
			attributes = {
				LastSwiftUpdateCheck = 1250;
				LastUpgradeCheck = 1250;
				TargetAttributes = {
					F93E2B362679EBBF0089EFDA = {
						CreatedOnToolsVersion = 12.5;
					};
				};
			};
			buildConfigurationList = F93E2B322679EBBF0089EFDA /* Build configuration list for PBXProject "WebRTC-SwiftUI" */;
			compatibilityVersion = "Xcode 9.3";
			developmentRegion = en;
			hasScannedForEncodings = 0;
			knownRegions = (
				en,
				Base,
			);
			mainGroup = F93E2B2E2679EBBF0089EFDA;
			packageReferences = (
				F93E2B552679F4A90089EFDA /* XCRemoteSwiftPackageReference "Starscream" */,
				F93E2B582679F7EB0089EFDA /* XCRemoteSwiftPackageReference "WebRTC" */,
			);
			productRefGroup = F93E2B382679EBBF0089EFDA /* Products */;
			projectDirPath = "";
			projectRoot = "";
			targets = (
				F93E2B362679EBBF0089EFDA /* WebRTC-SwiftUI */,
			);
		};
/* End PBXProject section */

/* Begin PBXResourcesBuildPhase section */
		F93E2B352679EBBF0089EFDA /* Resources */ = {
			isa = PBXResourcesBuildPhase;
			buildActionMask = 2147483647;
			files = (
				F93E2B472679EBC40089EFDA /* LaunchScreen.storyboard in Resources */,
				F93E2B442679EBC40089EFDA /* Preview Assets.xcassets in Resources */,
				F93E2B412679EBC40089EFDA /* Assets.xcassets in Resources */,
				F9E8C4AC267B618500D286CA /* VideoViewController.xib in Resources */,
				F93E2B72267A7E070089EFDA /* MainViewController.xib in Resources */,
			);
			runOnlyForDeploymentPostprocessing = 0;
		};
/* End PBXResourcesBuildPhase section */

/* Begin PBXSourcesBuildPhase section */
		F93E2B332679EBBF0089EFDA /* Sources */ = {
			isa = PBXSourcesBuildPhase;
			buildActionMask = 2147483647;
			files = (
				F93E2B612679FAD40089EFDA /* StarscreamProvider.swift in Sources */,
				F93E2B532679EE550089EFDA /* SignalingClient.swift in Sources */,
				F91ED6BD267C87C60021FDF9 /* ContainerView.swift in Sources */,
				F93E2B3B2679EBBF0089EFDA /* AppDelegate.swift in Sources */,
				F93E2B3D2679EBBF0089EFDA /* SceneDelegate.swift in Sources */,
				F93E2B5F2679FAD40089EFDA /* WebSocketProvider.swift in Sources */,
				F91ED6C4267CB9960021FDF9 /* WebSocketController.swift in Sources */,
				F93E2B6B2679FE290089EFDA /* VideoViewController.swift in Sources */,
				F91ED6C3267CB9960021FDF9 /* WebSocketTypes.swift in Sources */,
				F91ED6C6267CBA090021FDF9 /* SocketView.swift in Sources */,
				F91ED6BB267C681C0021FDF9 /* VideoViewRepresentable.swift in Sources */,
				F93E2B542679EE550089EFDA /* Message.swift in Sources */,
				F91ED6C2267CB9960021FDF9 /* Keyboard.swift in Sources */,
				F93E2B70267A1B5A0089EFDA /* MainViewRepresentable.swift in Sources */,
				F93E2B6C2679FE290089EFDA /* MainViewController.swift in Sources */,
				F93E2B672679FBD90089EFDA /* RTCStates.swift in Sources */,
				F93E2B682679FBD90089EFDA /* SessionDescription.swift in Sources */,
				F93E2B3F2679EBBF0089EFDA /* ContentView.swift in Sources */,
				F93E2B602679FAD40089EFDA /* NativeWebSocket.swift in Sources */,
				F93E2B74267A87880089EFDA /* Config.swift in Sources */,
				F93E2B522679EE550089EFDA /* WebRTCClient.swift in Sources */,
				F93E2B662679FBD90089EFDA /* IceCandidate.swift in Sources */,
			);
			runOnlyForDeploymentPostprocessing = 0;
		};
/* End PBXSourcesBuildPhase section */

/* Begin PBXVariantGroup section */
		F93E2B452679EBC40089EFDA /* LaunchScreen.storyboard */ = {
			isa = PBXVariantGroup;
			children = (
				F93E2B462679EBC40089EFDA /* Base */,
			);
			name = LaunchScreen.storyboard;
			sourceTree = "<group>";
		};
/* End PBXVariantGroup section */

/* Begin XCBuildConfiguration section */
		F93E2B492679EBC40089EFDA /* Debug */ = {
			isa = XCBuildConfiguration;
			buildSettings = {
				ALWAYS_SEARCH_USER_PATHS = NO;
				CLANG_ANALYZER_NONNULL = YES;
				CLANG_ANALYZER_NUMBER_OBJECT_CONVERSION = YES_AGGRESSIVE;
				CLANG_CXX_LANGUAGE_STANDARD = "gnu++14";
				CLANG_CXX_LIBRARY = "libc++";
				CLANG_ENABLE_MODULES = YES;
				CLANG_ENABLE_OBJC_ARC = YES;
				CLANG_ENABLE_OBJC_WEAK = YES;
				CLANG_WARN_BLOCK_CAPTURE_AUTORELEASING = YES;
				CLANG_WARN_BOOL_CONVERSION = YES;
				CLANG_WARN_COMMA = YES;
				CLANG_WARN_CONSTANT_CONVERSION = YES;
				CLANG_WARN_DEPRECATED_OBJC_IMPLEMENTATIONS = YES;
				CLANG_WARN_DIRECT_OBJC_ISA_USAGE = YES_ERROR;
				CLANG_WARN_DOCUMENTATION_COMMENTS = YES;
				CLANG_WARN_EMPTY_BODY = YES;
				CLANG_WARN_ENUM_CONVERSION = YES;
				CLANG_WARN_INFINITE_RECURSION = YES;
				CLANG_WARN_INT_CONVERSION = YES;
				CLANG_WARN_NON_LITERAL_NULL_CONVERSION = YES;
				CLANG_WARN_OBJC_IMPLICIT_RETAIN_SELF = YES;
				CLANG_WARN_OBJC_LITERAL_CONVERSION = YES;
				CLANG_WARN_OBJC_ROOT_CLASS = YES_ERROR;
				CLANG_WARN_QUOTED_INCLUDE_IN_FRAMEWORK_HEADER = YES;
				CLANG_WARN_RANGE_LOOP_ANALYSIS = YES;
				CLANG_WARN_STRICT_PROTOTYPES = YES;
				CLANG_WARN_SUSPICIOUS_MOVE = YES;
				CLANG_WARN_UNGUARDED_AVAILABILITY = YES_AGGRESSIVE;
				CLANG_WARN_UNREACHABLE_CODE = YES;
				CLANG_WARN__DUPLICATE_METHOD_MATCH = YES;
				COPY_PHASE_STRIP = NO;
				DEBUG_INFORMATION_FORMAT = dwarf;
				ENABLE_STRICT_OBJC_MSGSEND = YES;
				ENABLE_TESTABILITY = YES;
				GCC_C_LANGUAGE_STANDARD = gnu11;
				GCC_DYNAMIC_NO_PIC = NO;
				GCC_NO_COMMON_BLOCKS = YES;
				GCC_OPTIMIZATION_LEVEL = 0;
				GCC_PREPROCESSOR_DEFINITIONS = (
					"DEBUG=1",
					"$(inherited)",
				);
				GCC_WARN_64_TO_32_BIT_CONVERSION = YES;
				GCC_WARN_ABOUT_RETURN_TYPE = YES_ERROR;
				GCC_WARN_UNDECLARED_SELECTOR = YES;
				GCC_WARN_UNINITIALIZED_AUTOS = YES_AGGRESSIVE;
				GCC_WARN_UNUSED_FUNCTION = YES;
				GCC_WARN_UNUSED_VARIABLE = YES;
				IPHONEOS_DEPLOYMENT_TARGET = 14.5;
				MTL_ENABLE_DEBUG_INFO = INCLUDE_SOURCE;
				MTL_FAST_MATH = YES;
				ONLY_ACTIVE_ARCH = YES;
				SDKROOT = iphoneos;
				SWIFT_ACTIVE_COMPILATION_CONDITIONS = DEBUG;
				SWIFT_OPTIMIZATION_LEVEL = "-Onone";
			};
			name = Debug;
		};
		F93E2B4A2679EBC40089EFDA /* Release */ = {
			isa = XCBuildConfiguration;
			buildSettings = {
				ALWAYS_SEARCH_USER_PATHS = NO;
				CLANG_ANALYZER_NONNULL = YES;
				CLANG_ANALYZER_NUMBER_OBJECT_CONVERSION = YES_AGGRESSIVE;
				CLANG_CXX_LANGUAGE_STANDARD = "gnu++14";
				CLANG_CXX_LIBRARY = "libc++";
				CLANG_ENABLE_MODULES = YES;
				CLANG_ENABLE_OBJC_ARC = YES;
				CLANG_ENABLE_OBJC_WEAK = YES;
				CLANG_WARN_BLOCK_CAPTURE_AUTORELEASING = YES;
				CLANG_WARN_BOOL_CONVERSION = YES;
				CLANG_WARN_COMMA = YES;
				CLANG_WARN_CONSTANT_CONVERSION = YES;
				CLANG_WARN_DEPRECATED_OBJC_IMPLEMENTATIONS = YES;
				CLANG_WARN_DIRECT_OBJC_ISA_USAGE = YES_ERROR;
				CLANG_WARN_DOCUMENTATION_COMMENTS = YES;
				CLANG_WARN_EMPTY_BODY = YES;
				CLANG_WARN_ENUM_CONVERSION = YES;
				CLANG_WARN_INFINITE_RECURSION = YES;
				CLANG_WARN_INT_CONVERSION = YES;
				CLANG_WARN_NON_LITERAL_NULL_CONVERSION = YES;
				CLANG_WARN_OBJC_IMPLICIT_RETAIN_SELF = YES;
				CLANG_WARN_OBJC_LITERAL_CONVERSION = YES;
				CLANG_WARN_OBJC_ROOT_CLASS = YES_ERROR;
				CLANG_WARN_QUOTED_INCLUDE_IN_FRAMEWORK_HEADER = YES;
				CLANG_WARN_RANGE_LOOP_ANALYSIS = YES;
				CLANG_WARN_STRICT_PROTOTYPES = YES;
				CLANG_WARN_SUSPICIOUS_MOVE = YES;
				CLANG_WARN_UNGUARDED_AVAILABILITY = YES_AGGRESSIVE;
				CLANG_WARN_UNREACHABLE_CODE = YES;
				CLANG_WARN__DUPLICATE_METHOD_MATCH = YES;
				COPY_PHASE_STRIP = NO;
				DEBUG_INFORMATION_FORMAT = "dwarf-with-dsym";
				ENABLE_NS_ASSERTIONS = NO;
				ENABLE_STRICT_OBJC_MSGSEND = YES;
				GCC_C_LANGUAGE_STANDARD = gnu11;
				GCC_NO_COMMON_BLOCKS = YES;
				GCC_WARN_64_TO_32_BIT_CONVERSION = YES;
				GCC_WARN_ABOUT_RETURN_TYPE = YES_ERROR;
				GCC_WARN_UNDECLARED_SELECTOR = YES;
				GCC_WARN_UNINITIALIZED_AUTOS = YES_AGGRESSIVE;
				GCC_WARN_UNUSED_FUNCTION = YES;
				GCC_WARN_UNUSED_VARIABLE = YES;
				IPHONEOS_DEPLOYMENT_TARGET = 14.5;
				MTL_ENABLE_DEBUG_INFO = NO;
				MTL_FAST_MATH = YES;
				SDKROOT = iphoneos;
				SWIFT_COMPILATION_MODE = wholemodule;
				SWIFT_OPTIMIZATION_LEVEL = "-O";
				VALIDATE_PRODUCT = YES;
			};
			name = Release;
		};
		F93E2B4C2679EBC40089EFDA /* Debug */ = {
			isa = XCBuildConfiguration;
			buildSettings = {
				ASSETCATALOG_COMPILER_APPICON_NAME = AppIcon;
				ASSETCATALOG_COMPILER_GLOBAL_ACCENT_COLOR_NAME = AccentColor;
				CODE_SIGN_STYLE = Automatic;
				DEVELOPMENT_ASSET_PATHS = "\"WebRTC-SwiftUI/Preview Content\"";
				DEVELOPMENT_TEAM = L6T2S9K4GS;
				ENABLE_PREVIEWS = YES;
				INFOPLIST_FILE = "WebRTC-SwiftUI/Info.plist";
				LD_RUNPATH_SEARCH_PATHS = (
					"$(inherited)",
					"@executable_path/Frameworks",
				);
				PRODUCT_BUNDLE_IDENTIFIER = "slavabily.WebRTC-SwiftUI";
				PRODUCT_NAME = "$(TARGET_NAME)";
				SWIFT_VERSION = 5.0;
				TARGETED_DEVICE_FAMILY = "1,2";
			};
			name = Debug;
		};
		F93E2B4D2679EBC40089EFDA /* Release */ = {
			isa = XCBuildConfiguration;
			buildSettings = {
				ASSETCATALOG_COMPILER_APPICON_NAME = AppIcon;
				ASSETCATALOG_COMPILER_GLOBAL_ACCENT_COLOR_NAME = AccentColor;
				CODE_SIGN_STYLE = Automatic;
				DEVELOPMENT_ASSET_PATHS = "\"WebRTC-SwiftUI/Preview Content\"";
				DEVELOPMENT_TEAM = L6T2S9K4GS;
				ENABLE_PREVIEWS = YES;
				INFOPLIST_FILE = "WebRTC-SwiftUI/Info.plist";
				LD_RUNPATH_SEARCH_PATHS = (
					"$(inherited)",
					"@executable_path/Frameworks",
				);
				PRODUCT_BUNDLE_IDENTIFIER = "slavabily.WebRTC-SwiftUI";
				PRODUCT_NAME = "$(TARGET_NAME)";
				SWIFT_VERSION = 5.0;
				TARGETED_DEVICE_FAMILY = "1,2";
			};
			name = Release;
		};
/* End XCBuildConfiguration section */

/* Begin XCConfigurationList section */
		F93E2B322679EBBF0089EFDA /* Build configuration list for PBXProject "WebRTC-SwiftUI" */ = {
			isa = XCConfigurationList;
			buildConfigurations = (
				F93E2B492679EBC40089EFDA /* Debug */,
				F93E2B4A2679EBC40089EFDA /* Release */,
			);
			defaultConfigurationIsVisible = 0;
			defaultConfigurationName = Release;
		};
		F93E2B4B2679EBC40089EFDA /* Build configuration list for PBXNativeTarget "WebRTC-SwiftUI" */ = {
			isa = XCConfigurationList;
			buildConfigurations = (
				F93E2B4C2679EBC40089EFDA /* Debug */,
				F93E2B4D2679EBC40089EFDA /* Release */,
			);
			defaultConfigurationIsVisible = 0;
			defaultConfigurationName = Release;
		};
/* End XCConfigurationList section */

/* Begin XCRemoteSwiftPackageReference section */
		F93E2B552679F4A90089EFDA /* XCRemoteSwiftPackageReference "Starscream" */ = {
			isa = XCRemoteSwiftPackageReference;
			repositoryURL = "https://github.com/daltoniam/Starscream.git";
			requirement = {
				kind = exactVersion;
				version = 3.1.1;
			};
		};
		F93E2B582679F7EB0089EFDA /* XCRemoteSwiftPackageReference "WebRTC" */ = {
			isa = XCRemoteSwiftPackageReference;
			repositoryURL = "https://github.com/stasel/WebRTC.git";
			requirement = {
				kind = upToNextMajorVersion;
				minimumVersion = 91.0.0;
			};
		};
/* End XCRemoteSwiftPackageReference section */

/* Begin XCSwiftPackageProductDependency section */
		F93E2B562679F4A90089EFDA /* Starscream */ = {
			isa = XCSwiftPackageProductDependency;
			package = F93E2B552679F4A90089EFDA /* XCRemoteSwiftPackageReference "Starscream" */;
			productName = Starscream;
		};
		F93E2B592679F7EB0089EFDA /* WebRTC */ = {
			isa = XCSwiftPackageProductDependency;
			package = F93E2B582679F7EB0089EFDA /* XCRemoteSwiftPackageReference "WebRTC" */;
			productName = WebRTC;
		};
/* End XCSwiftPackageProductDependency section */
	};
	rootObject = F93E2B2F2679EBBF0089EFDA /* Project object */;
}
